
Microsoft Visual Studio Solution File, Format Version 12.00
# Visual Studio 15
VisualStudioVersion = 15.0.27004.2002
MinimumVisualStudioVersion = 10.0.40219.1
Project("{FAE04EC0-301F-11D3-BF4B-00C04F79EFBC}") = "AzuriranjeBaze", "AzuriranjeBaze\AzuriranjeBaze.csproj", "{08CAD2B9-F0DE-4B95-96E9-75E1D07137E3}"
EndProject
Global
	GlobalSection(SolutionConfigurationPlatforms) = preSolution
		Debug|Any CPU = Debug|Any CPU
		Release|Any CPU = Release|Any CPU
	EndGlobalSection
	GlobalSection(ProjectConfigurationPlatforms) = postSolution
		{08CAD2B9-F0DE-4B95-96E9-75E1D07137E3}.Debug|Any CPU.ActiveCfg = Debug|Any CPU
		{08CAD2B9-F0DE-4B95-96E9-75E1D07137E3}.Debug|Any CPU.Build.0 = Debug|Any CPU
		{08CAD2B9-F0DE-4B95-96E9-75E1D07137E3}.Release|Any CPU.ActiveCfg = Release|Any CPU
		{08CAD2B9-F0DE-4B95-96E9-75E1D07137E3}.Release|Any CPU.Build.0 = Release|Any CPU
	EndGlobalSection
	GlobalSection(SolutionProperties) = preSolution
		HideSolutionNode = FALSE
	EndGlobalSection
	GlobalSection(ExtensibilityGlobals) = postSolution
		SolutionGuid = {BD207A6E-38BB-4CDF-96B0-8E489C3F4000}
	EndGlobalSection
EndGlobal
